
Microsoft Visual Studio Solution File, Format Version 12.00
# Visual Studio Version 17
VisualStudioVersion = 17.7.34024.191
MinimumVisualStudioVersion = 10.0.40219.1
Project("{FAE04EC0-301F-11D3-BF4B-00C04F79EFBC}") = "Investigacion.Shared", "Investigacion.Shared\Investigacion.Shared.csproj", "{2D96C4B2-E25C-4A27-A0A3-F6B996A538FE}"
EndProject
Project("{FAE04EC0-301F-11D3-BF4B-00C04F79EFBC}") = "Investigacion.API", "Investigacion.API\Investigacion.API.csproj", "{7684403A-9355-4152-A27D-D93789F1ECCA}"
EndProject
Project("{FAE04EC0-301F-11D3-BF4B-00C04F79EFBC}") = "Investigacion.WEB", "Investigacion.WEB\Investigacion.WEB.csproj", "{D70A1A37-1755-42E9-85C7-56F7653C8F9F}"
EndProject
Global
	GlobalSection(SolutionConfigurationPlatforms) = preSolution
		Debug|Any CPU = Debug|Any CPU
		Release|Any CPU = Release|Any CPU
	EndGlobalSection
	GlobalSection(ProjectConfigurationPlatforms) = postSolution
		{2D96C4B2-E25C-4A27-A0A3-F6B996A538FE}.Debug|Any CPU.ActiveCfg = Debug|Any CPU
		{2D96C4B2-E25C-4A27-A0A3-F6B996A538FE}.Debug|Any CPU.Build.0 = Debug|Any CPU
		{2D96C4B2-E25C-4A27-A0A3-F6B996A538FE}.Release|Any CPU.ActiveCfg = Release|Any CPU
		{2D96C4B2-E25C-4A27-A0A3-F6B996A538FE}.Release|Any CPU.Build.0 = Release|Any CPU
		{7684403A-9355-4152-A27D-D93789F1ECCA}.Debug|Any CPU.ActiveCfg = Debug|Any CPU
		{7684403A-9355-4152-A27D-D93789F1ECCA}.Debug|Any CPU.Build.0 = Debug|Any CPU
		{7684403A-9355-4152-A27D-D93789F1ECCA}.Release|Any CPU.ActiveCfg = Release|Any CPU
		{7684403A-9355-4152-A27D-D93789F1ECCA}.Release|Any CPU.Build.0 = Release|Any CPU
		{D70A1A37-1755-42E9-85C7-56F7653C8F9F}.Debug|Any CPU.ActiveCfg = Debug|Any CPU
		{D70A1A37-1755-42E9-85C7-56F7653C8F9F}.Debug|Any CPU.Build.0 = Debug|Any CPU
		{D70A1A37-1755-42E9-85C7-56F7653C8F9F}.Release|Any CPU.ActiveCfg = Release|Any CPU
		{D70A1A37-1755-42E9-85C7-56F7653C8F9F}.Release|Any CPU.Build.0 = Release|Any CPU
	EndGlobalSection
	GlobalSection(SolutionProperties) = preSolution
		HideSolutionNode = FALSE
	EndGlobalSection
	GlobalSection(ExtensibilityGlobals) = postSolution
		SolutionGuid = {C0AC9230-66E2-46C4-AAB4-24486DF25D6E}
	EndGlobalSection
EndGlobal
